
Microsoft Visual Studio Solution File, Format Version 12.00
# Visual Studio Version 16
VisualStudioVersion = 16.0.29503.13
MinimumVisualStudioVersion = 10.0.40219.1
Project("{9A19103F-16F7-4668-BE54-9A1E7A4F7556}") = "Client", "Client\Client.csproj", "{C1C26AFC-73DA-4475-A283-0184B93E93F9}"
EndProject
Project("{9A19103F-16F7-4668-BE54-9A1E7A4F7556}") = "Server", "Server\Server.csproj", "{74E1FC2B-9921-46B5-B8F5-565A93EA57E6}"
EndProject
Project("{9A19103F-16F7-4668-BE54-9A1E7A4F7556}") = "Common", "Common\Common.csproj", "{B75624E0-A7C9-4DEC-8067-4A55626ECA59}"
EndProject
Project("{FAE04EC0-301F-11D3-BF4B-00C04F79EFBC}") = "SimpleClient", "SimpleClient\SimpleClient.csproj", "{ED498F89-659A-448A-AA10-AB40794EAE3F}"
EndProject
Global
	GlobalSection(SolutionConfigurationPlatforms) = preSolution
		Debug|Any CPU = Debug|Any CPU
		Release|Any CPU = Release|Any CPU
	EndGlobalSection
	GlobalSection(ProjectConfigurationPlatforms) = postSolution
		{C1C26AFC-73DA-4475-A283-0184B93E93F9}.Debug|Any CPU.ActiveCfg = Debug|Any CPU
		{C1C26AFC-73DA-4475-A283-0184B93E93F9}.Debug|Any CPU.Build.0 = Debug|Any CPU
		{C1C26AFC-73DA-4475-A283-0184B93E93F9}.Release|Any CPU.ActiveCfg = Release|Any CPU
		{C1C26AFC-73DA-4475-A283-0184B93E93F9}.Release|Any CPU.Build.0 = Release|Any CPU
		{74E1FC2B-9921-46B5-B8F5-565A93EA57E6}.Debug|Any CPU.ActiveCfg = Debug|Any CPU
		{74E1FC2B-9921-46B5-B8F5-565A93EA57E6}.Debug|Any CPU.Build.0 = Debug|Any CPU
		{74E1FC2B-9921-46B5-B8F5-565A93EA57E6}.Release|Any CPU.ActiveCfg = Release|Any CPU
		{74E1FC2B-9921-46B5-B8F5-565A93EA57E6}.Release|Any CPU.Build.0 = Release|Any CPU
		{B75624E0-A7C9-4DEC-8067-4A55626ECA59}.Debug|Any CPU.ActiveCfg = Debug|Any CPU
		{B75624E0-A7C9-4DEC-8067-4A55626ECA59}.Debug|Any CPU.Build.0 = Debug|Any CPU
		{B75624E0-A7C9-4DEC-8067-4A55626ECA59}.Release|Any CPU.ActiveCfg = Release|Any CPU
		{B75624E0-A7C9-4DEC-8067-4A55626ECA59}.Release|Any CPU.Build.0 = Release|Any CPU
		{ED498F89-659A-448A-AA10-AB40794EAE3F}.Debug|Any CPU.ActiveCfg = Debug|Any CPU
		{ED498F89-659A-448A-AA10-AB40794EAE3F}.Debug|Any CPU.Build.0 = Debug|Any CPU
		{ED498F89-659A-448A-AA10-AB40794EAE3F}.Release|Any CPU.ActiveCfg = Release|Any CPU
		{ED498F89-659A-448A-AA10-AB40794EAE3F}.Release|Any CPU.Build.0 = Release|Any CPU
	EndGlobalSection
	GlobalSection(SolutionProperties) = preSolution
		HideSolutionNode = FALSE
	EndGlobalSection
	GlobalSection(ExtensibilityGlobals) = postSolution
		SolutionGuid = {607DD8FD-C286-4CBD-840B-004B37D9038A}
	EndGlobalSection
EndGlobal
